
Microsoft Visual Studio Solution File, Format Version 12.00
# Visual Studio Version 17
VisualStudioVersion = 17.13.35828.75 d17.13
MinimumVisualStudioVersion = 10.0.40219.1
Project("{FAE04EC0-301F-11D3-BF4B-00C04F79EFBC}") = "Xamarin_QR_Scanner_MAUI", "Xamarin_QR_Scanner_MAUI.csproj", "{F64B9C6C-0079-4395-B269-9BC237998B1E}"
EndProject
Global
	GlobalSection(SolutionConfigurationPlatforms) = preSolution
		Debug|Any CPU = Debug|Any CPU
		Release|Any CPU = Release|Any CPU
	EndGlobalSection
	GlobalSection(ProjectConfigurationPlatforms) = postSolution
		{F64B9C6C-0079-4395-B269-9BC237998B1E}.Debug|Any CPU.ActiveCfg = Debug|Any CPU
		{F64B9C6C-0079-4395-B269-9BC237998B1E}.Debug|Any CPU.Build.0 = Debug|Any CPU
		{F64B9C6C-0079-4395-B269-9BC237998B1E}.Release|Any CPU.ActiveCfg = Release|Any CPU
		{F64B9C6C-0079-4395-B269-9BC237998B1E}.Release|Any CPU.Build.0 = Release|Any CPU
	EndGlobalSection
	GlobalSection(SolutionProperties) = preSolution
		HideSolutionNode = FALSE
	EndGlobalSection
	GlobalSection(ExtensibilityGlobals) = postSolution
		SolutionGuid = {4801AB64-DC0A-467A-8248-205A4C13E733}
	EndGlobalSection
EndGlobal
